<?xml version="1.0" encoding="utf-8"?>
<Project ToolsVersion="4.0" xmlns="http://schemas.microsoft.com/developer/msbuild/2003">
  <ItemGroup>
    <Filter Include="Modules">
      <UniqueIdentifier>{48fdaaa7-027d-4bef-8e8c-ffda364201e2}</UniqueIdentifier>
    </Filter>
    <Filter Include="Modules\engine">
      <UniqueIdentifier>{ba4aa644-a096-4420-9f93-ce59d2198553}</UniqueIdentifier>
    </Filter>
    <Filter Include="Modules\engine\graphics">
      <UniqueIdentifier>{d792d142-89af-436e-9c3a-2ff6298db453}</UniqueIdentifier>
    </Filter>
    <Filter Include="Sources">
      <UniqueIdentifier>{bb7c5834-403e-47f5-bf0c-77ce26e31d80}</UniqueIdentifier>
    </Filter>
    <Filter Include="Modules\engine\ECS">
      <UniqueIdentifier>{e3466566-c01a-42f6-8dc5-72293685e42c}</UniqueIdentifier>
    </Filter>
    <Filter Include="Modules\engine\ECS\components">
      <UniqueIdentifier>{32ee081e-db0a-4dc9-9c87-a327d0dae98f}</UniqueIdentifier>
    </Filter>
    <Filter Include="Modules\engine\ECS\systems">
      <UniqueIdentifier>{b1cf17df-dc17-40f9-8595-29a1c2767e03}</UniqueIdentifier>
    </Filter>
    <Filter Include="Modules\engine\sfml_interfacing">
      <UniqueIdentifier>{bdc19c2c-cb48-4e5a-ac14-3b6c97c1537c}</UniqueIdentifier>
    </Filter>
  </ItemGroup>
  <ItemGroup>
    <ClCompile Include="Main.cpp">
      <Filter>Modules</Filter>
    </ClCompile>
    <ClCompile Include="engine\Object.cpp">
      <Filter>Modules\engine</Filter>
    </ClCompile>
  </ItemGroup>
  <ItemGroup>
    <ClInclude Include="engine\graphics\Window.h">
      <Filter>Modules\engine\graphics</Filter>
    </ClInclude>
    <ClInclude Include="engine\Sceneold.h">
      <Filter>Modules\engine</Filter>
    </ClInclude>
    <ClInclude Include="engine\compile_settings.h">
      <Filter>Modules\engine</Filter>
    </ClInclude>
    <ClInclude Include="engine\Object.h">
      <Filter>Modules\engine</Filter>
    </ClInclude>
    <ClInclude Include="engine\Scene.h">
      <Filter>Modules\engine</Filter>
    </ClInclude>
    <ClInclude Include="engine\Loop.h">
      <Filter>Modules\engine</Filter>
    </ClInclude>
    <ClInclude Include="engine\resources_manager.h">
      <Filter>Modules\engine</Filter>
    </ClInclude>
    <ClInclude Include="engine\Events.h">
      <Filter>Modules\engine</Filter>
    </ClInclude>
    <ClInclude Include="engine\Collisions.h">
      <Filter>Modules\engine</Filter>
    </ClInclude>
    <ClInclude Include="engine\ecs\components\bad_draw.h">
      <Filter>Modules\engine\ECS\components</Filter>
    </ClInclude>
    <ClInclude Include="engine\ecs\components\speed.h">
      <Filter>Modules\engine\ECS\components</Filter>
    </ClInclude>
    <ClInclude Include="engine\ecs\components\transform.h">
      <Filter>Modules\engine\ECS\components</Filter>
    </ClInclude>
    <ClInclude Include="engine\ecs\systems\draw.h">
      <Filter>Modules\engine\ECS\systems</Filter>
    </ClInclude>
    <ClInclude Include="engine\ecs\systems\move.h">
      <Filter>Modules\engine\ECS\systems</Filter>
    </ClInclude>
    <ClInclude Include="engine\sfml_interfacing\vec.h">
      <Filter>Modules\engine\sfml_interfacing</Filter>
    </ClInclude>
    <ClInclude Include="engine\ecs\components\collides_with.h">
      <Filter>Modules\engine\ECS\components</Filter>
    </ClInclude>
    <ClInclude Include="engine\ecs\components\has_collision.h">
      <Filter>Modules\engine\ECS\components</Filter>
    </ClInclude>
    <ClInclude Include="engine\ecs\systems\collision.h">
      <Filter>Modules\engine\ECS\systems</Filter>
    </ClInclude>
  </ItemGroup>
</Project>