<?xml version="1.0" encoding="utf-8"?>
<Project ToolsVersion="4.0" xmlns="http://schemas.microsoft.com/developer/msbuild/2003">
  <ItemGroup>
    <Filter Include="Modules">
      <UniqueIdentifier>{48fdaaa7-027d-4bef-8e8c-ffda364201e2}</UniqueIdentifier>
    </Filter>
    <Filter Include="Modules\utils">
      <UniqueIdentifier>{15bfad29-ce76-485f-9284-465b8b328806}</UniqueIdentifier>
    </Filter>
    <Filter Include="Modules\utils\containers">
      <UniqueIdentifier>{c4b5065a-c7b2-48b5-8d8d-f5eb8d3a9413}</UniqueIdentifier>
    </Filter>
    <Filter Include="Modules\utils\math">
      <UniqueIdentifier>{c496b9d9-9592-4b0f-8646-409e1786f8fc}</UniqueIdentifier>
    </Filter>
    <Filter Include="Modules\engine">
      <UniqueIdentifier>{ba4aa644-a096-4420-9f93-ce59d2198553}</UniqueIdentifier>
    </Filter>
    <Filter Include="Modules\engine\core">
      <UniqueIdentifier>{c3829053-1054-4405-96ea-d8a1c0300bda}</UniqueIdentifier>
    </Filter>
    <Filter Include="Modules\engine\graphics">
      <UniqueIdentifier>{d792d142-89af-436e-9c3a-2ff6298db453}</UniqueIdentifier>
    </Filter>
    <Filter Include="Sources">
      <UniqueIdentifier>{bb7c5834-403e-47f5-bf0c-77ce26e31d80}</UniqueIdentifier>
    </Filter>
  </ItemGroup>
  <ItemGroup>
    <ClCompile Include="Main.cpp">
      <Filter>Modules</Filter>
    </ClCompile>
    <ClCompile Include="utils\math\angle.cpp">
      <Filter>Modules\utils\math</Filter>
    </ClCompile>
    <ClCompile Include="engine\core\Euler.cpp">
      <Filter>Modules\engine\core</Filter>
    </ClCompile>
    <ClCompile Include="engine\core\Quaternion.cpp">
      <Filter>Modules\engine\core</Filter>
    </ClCompile>
    <ClCompile Include="engine\Object.cpp">
      <Filter>Modules\engine</Filter>
    </ClCompile>
  </ItemGroup>
  <ItemGroup>
    <ClInclude Include="utils\cout_containers.h">
      <Filter>Modules\utils</Filter>
    </ClInclude>
    <ClInclude Include="utils\containers\matrix.h">
      <Filter>Modules\utils\containers</Filter>
    </ClInclude>
    <ClInclude Include="utils\containers\listed_array.h">
      <Filter>Modules\utils\containers</Filter>
    </ClInclude>
    <ClInclude Include="utils\definitions.h">
      <Filter>Modules\utils</Filter>
    </ClInclude>
    <ClInclude Include="utils\containers\indexed_container.h">
      <Filter>Modules\utils\containers</Filter>
    </ClInclude>
    <ClInclude Include="utils\math\angle.h">
      <Filter>Modules\utils\math</Filter>
    </ClInclude>
    <ClInclude Include="utils\cout_utilities.h">
      <Filter>Modules\utils</Filter>
    </ClInclude>
    <ClInclude Include="utils\math\constants.h">
      <Filter>Modules\utils\math</Filter>
    </ClInclude>
    <ClInclude Include="engine\core\Euler.h">
      <Filter>Modules\engine\core</Filter>
    </ClInclude>
    <ClInclude Include="engine\core\Explicit2.h">
      <Filter>Modules\engine\core</Filter>
    </ClInclude>
    <ClInclude Include="engine\core\Explicit3.h">
      <Filter>Modules\engine\core</Filter>
    </ClInclude>
    <ClInclude Include="engine\core\Quaternion.h">
      <Filter>Modules\engine\core</Filter>
    </ClInclude>
    <ClInclude Include="engine\core\Transform2.h">
      <Filter>Modules\engine\core</Filter>
    </ClInclude>
    <ClInclude Include="engine\core\Transform3.h">
      <Filter>Modules\engine\core</Filter>
    </ClInclude>
    <ClInclude Include="engine\core\Vec2.h">
      <Filter>Modules\engine\core</Filter>
    </ClInclude>
    <ClInclude Include="engine\core\Vec3.h">
      <Filter>Modules\engine\core</Filter>
    </ClInclude>
    <ClInclude Include="utils\math\math.h">
      <Filter>Modules\utils\math</Filter>
    </ClInclude>
    <ClInclude Include="utils\math\bounded.h">
      <Filter>Modules\utils\math</Filter>
    </ClInclude>
    <ClInclude Include="engine\graphics\Window.h">
      <Filter>Modules\engine\graphics</Filter>
    </ClInclude>
    <ClInclude Include="engine\core\Vec.h">
      <Filter>Modules\engine\core</Filter>
    </ClInclude>
    <ClInclude Include="engine\Sceneold.h">
      <Filter>Modules\engine</Filter>
    </ClInclude>
    <ClInclude Include="utils\variadic.h">
      <Filter>Modules\utils</Filter>
    </ClInclude>
    <ClInclude Include="utils\type_checks.h">
      <Filter>Modules\utils</Filter>
    </ClInclude>
    <ClInclude Include="engine\Logger.h">
      <Filter>Modules\engine</Filter>
    </ClInclude>
    <ClInclude Include="utils\Logger.h">
      <Filter>Modules\utils</Filter>
    </ClInclude>
    <ClInclude Include="engine\compile_settings.h">
      <Filter>Modules\engine</Filter>
    </ClInclude>
    <ClInclude Include="engine\Object.h">
      <Filter>Modules\engine</Filter>
    </ClInclude>
    <ClInclude Include="engine\Scene.h">
      <Filter>Modules\engine</Filter>
    </ClInclude>
    <ClInclude Include="engine\Loop.h">
      <Filter>Modules\engine</Filter>
    </ClInclude>
    <ClInclude Include="utils\containers\vector_utils.h">
      <Filter>Modules\utils\containers</Filter>
    </ClInclude>
    <ClInclude Include="engine\Collider.h">
      <Filter>Modules\engine</Filter>
    </ClInclude>
    <ClInclude Include="utils\containers\polymorphic_storage.h">
      <Filter>Modules\utils\containers</Filter>
    </ClInclude>
  </ItemGroup>
</Project>